// !$*UTF8*$!
{
	archiveVersion = 1;
	classes = {
	};
	objectVersion = 46;
	objects = {

/* Begin PBXBuildFile section */
		57D433251B0A892500DDDC87 /* AppDelegate.swift in Sources */ = {isa = PBXBuildFile; fileRef = 57D433241B0A892500DDDC87 /* AppDelegate.swift */; };
		57D433271B0A892500DDDC87 /* ViewController.swift in Sources */ = {isa = PBXBuildFile; fileRef = 57D433261B0A892500DDDC87 /* ViewController.swift */; };
		57D4332A1B0A892500DDDC87 /* Main.storyboard in Resources */ = {isa = PBXBuildFile; fileRef = 57D433281B0A892500DDDC87 /* Main.storyboard */; };
		57D4332C1B0A892500DDDC87 /* Images.xcassets in Resources */ = {isa = PBXBuildFile; fileRef = 57D4332B1B0A892500DDDC87 /* Images.xcassets */; };
		57D4332F1B0A892500DDDC87 /* LaunchScreen.xib in Resources */ = {isa = PBXBuildFile; fileRef = 57D4332D1B0A892500DDDC87 /* LaunchScreen.xib */; };
		57D4333B1B0A892500DDDC87 /* InteractiveMapTests.swift in Sources */ = {isa = PBXBuildFile; fileRef = 57D4333A1B0A892500DDDC87 /* InteractiveMapTests.swift */; };
/* End PBXBuildFile section */

/* Begin PBXContainerItemProxy section */
		57D433351B0A892500DDDC87 /* PBXContainerItemProxy */ = {
			isa = PBXContainerItemProxy;
			containerPortal = 57D433171B0A892500DDDC87 /* Project object */;
			proxyType = 1;
			remoteGlobalIDString = 57D4331E1B0A892500DDDC87;
			remoteInfo = InteractiveMap;
		};
/* End PBXContainerItemProxy section */

/* Begin PBXFileReference section */
		57D4331F1B0A892500DDDC87 /* InteractiveMap.app */ = {isa = PBXFileReference; explicitFileType = wrapper.application; includeInIndex = 0; path = InteractiveMap.app; sourceTree = BUILT_PRODUCTS_DIR; };
		57D433231B0A892500DDDC87 /* Info.plist */ = {isa = PBXFileReference; lastKnownFileType = text.plist.xml; path = Info.plist; sourceTree = "<group>"; };
		57D433241B0A892500DDDC87 /* AppDelegate.swift */ = {isa = PBXFileReference; lastKnownFileType = sourcecode.swift; path = AppDelegate.swift; sourceTree = "<group>"; };
		57D433261B0A892500DDDC87 /* ViewController.swift */ = {isa = PBXFileReference; lastKnownFileType = sourcecode.swift; path = ViewController.swift; sourceTree = "<group>"; };
		57D433291B0A892500DDDC87 /* Base */ = {isa = PBXFileReference; lastKnownFileType = file.storyboard; name = Base; path = Base.lproj/Main.storyboard; sourceTree = "<group>"; };
		57D4332B1B0A892500DDDC87 /* Images.xcassets */ = {isa = PBXFileReference; lastKnownFileType = folder.assetcatalog; path = Images.xcassets; sourceTree = "<group>"; };
		57D4332E1B0A892500DDDC87 /* Base */ = {isa = PBXFileReference; lastKnownFileType = file.xib; name = Base; path = Base.lproj/LaunchScreen.xib; sourceTree = "<group>"; };
		57D433341B0A892500DDDC87 /* InteractiveMapTests.xctest */ = {isa = PBXFileReference; explicitFileType = wrapper.cfbundle; includeInIndex = 0; path = InteractiveMapTests.xctest; sourceTree = BUILT_PRODUCTS_DIR; };
		57D433391B0A892500DDDC87 /* Info.plist */ = {isa = PBXFileReference; lastKnownFileType = text.plist.xml; path = Info.plist; sourceTree = "<group>"; };
		57D4333A1B0A892500DDDC87 /* InteractiveMapTests.swift */ = {isa = PBXFileReference; lastKnownFileType = sourcecode.swift; path = InteractiveMapTests.swift; sourceTree = "<group>"; };
/* End PBXFileReference section */

/* Begin PBXFrameworksBuildPhase section */
		57D4331C1B0A892500DDDC87 /* Frameworks */ = {
			isa = PBXFrameworksBuildPhase;
			buildActionMask = 2147483647;
			files = (
			);
			runOnlyForDeploymentPostprocessing = 0;
		};
		57D433311B0A892500DDDC87 /* Frameworks */ = {
			isa = PBXFrameworksBuildPhase;
			buildActionMask = 2147483647;
			files = (
			);
			runOnlyForDeploymentPostprocessing = 0;
		};
/* End PBXFrameworksBuildPhase section */

/* Begin PBXGroup section */
		57D433161B0A892500DDDC87 = {
			isa = PBXGroup;
			children = (
				57D433211B0A892500DDDC87 /* InteractiveMap */,
				57D433371B0A892500DDDC87 /* InteractiveMapTests */,
				57D433201B0A892500DDDC87 /* Products */,
			);
			sourceTree = "<group>";
		};
		57D433201B0A892500DDDC87 /* Products */ = {
			isa = PBXGroup;
			children = (
				57D4331F1B0A892500DDDC87 /* InteractiveMap.app */,
				57D433341B0A892500DDDC87 /* InteractiveMapTests.xctest */,
			);
			name = Products;
			sourceTree = "<group>";
		};
		57D433211B0A892500DDDC87 /* InteractiveMap */ = {
			isa = PBXGroup;
			children = (
				57D433241B0A892500DDDC87 /* AppDelegate.swift */,
				57D433261B0A892500DDDC87 /* ViewController.swift */,
				57D433281B0A892500DDDC87 /* Main.storyboard */,
				57D4332B1B0A892500DDDC87 /* Images.xcassets */,
				57D4332D1B0A892500DDDC87 /* LaunchScreen.xib */,
				57D433221B0A892500DDDC87 /* Supporting Files */,
			);
			path = InteractiveMap;
			sourceTree = "<group>";
		};
		57D433221B0A892500DDDC87 /* Supporting Files */ = {
			isa = PBXGroup;
			children = (
				57D433231B0A892500DDDC87 /* Info.plist */,
			);
			name = "Supporting Files";
			sourceTree = "<group>";
		};
		57D433371B0A892500DDDC87 /* InteractiveMapTests */ = {
			isa = PBXGroup;
			children = (
				57D4333A1B0A892500DDDC87 /* InteractiveMapTests.swift */,
				57D433381B0A892500DDDC87 /* Supporting Files */,
			);
			path = InteractiveMapTests;
			sourceTree = "<group>";
		};
		57D433381B0A892500DDDC87 /* Supporting Files */ = {
			isa = PBXGroup;
			children = (
				57D433391B0A892500DDDC87 /* Info.plist */,
			);
			name = "Supporting Files";
			sourceTree = "<group>";
		};
/* End PBXGroup section */

/* Begin PBXNativeTarget section */
		57D4331E1B0A892500DDDC87 /* InteractiveMap */ = {
			isa = PBXNativeTarget;
			buildConfigurationList = 57D4333E1B0A892500DDDC87 /* Build configuration list for PBXNativeTarget "InteractiveMap" */;
			buildPhases = (
				57D4331B1B0A892500DDDC87 /* Sources */,
				57D4331C1B0A892500DDDC87 /* Frameworks */,
				57D4331D1B0A892500DDDC87 /* Resources */,
			);
			buildRules = (
			);
			dependencies = (
			);
			name = InteractiveMap;
			productName = InteractiveMap;
			productReference = 57D4331F1B0A892500DDDC87 /* InteractiveMap.app */;
			productType = "com.apple.product-type.application";
		};
		57D433331B0A892500DDDC87 /* InteractiveMapTests */ = {
			isa = PBXNativeTarget;
			buildConfigurationList = 57D433411B0A892500DDDC87 /* Build configuration list for PBXNativeTarget "InteractiveMapTests" */;
			buildPhases = (
				57D433301B0A892500DDDC87 /* Sources */,
				57D433311B0A892500DDDC87 /* Frameworks */,
				57D433321B0A892500DDDC87 /* Resources */,
			);
			buildRules = (
			);
			dependencies = (
				57D433361B0A892500DDDC87 /* PBXTargetDependency */,
			);
			name = InteractiveMapTests;
			productName = InteractiveMapTests;
			productReference = 57D433341B0A892500DDDC87 /* InteractiveMapTests.xctest */;
			productType = "com.apple.product-type.bundle.unit-test";
		};
/* End PBXNativeTarget section */

/* Begin PBXProject section */
		57D433171B0A892500DDDC87 /* Project object */ = {
			isa = PBXProject;
			attributes = {
				LastUpgradeCheck = 0630;
				ORGANIZATIONNAME = "Andrew Copp";
				TargetAttributes = {
					57D4331E1B0A892500DDDC87 = {
						CreatedOnToolsVersion = 6.3.1;
					};
					57D433331B0A892500DDDC87 = {
						CreatedOnToolsVersion = 6.3.1;
						TestTargetID = 57D4331E1B0A892500DDDC87;
					};
				};
			};
			buildConfigurationList = 57D4331A1B0A892500DDDC87 /* Build configuration list for PBXProject "InteractiveMap" */;
			compatibilityVersion = "Xcode 3.2";
			developmentRegion = English;
			hasScannedForEncodings = 0;
			knownRegions = (
				en,
				Base,
			);
			mainGroup = 57D433161B0A892500DDDC87;
			productRefGroup = 57D433201B0A892500DDDC87 /* Products */;
			projectDirPath = "";
			projectRoot = "";
			targets = (
				57D4331E1B0A892500DDDC87 /* InteractiveMap */,
				57D433331B0A892500DDDC87 /* InteractiveMapTests */,
			);
		};
/* End PBXProject section */

/* Begin PBXResourcesBuildPhase section */
		57D4331D1B0A892500DDDC87 /* Resources */ = {
			isa = PBXResourcesBuildPhase;
			buildActionMask = 2147483647;
			files = (
				57D4332A1B0A892500DDDC87 /* Main.storyboard in Resources */,
				57D4332F1B0A892500DDDC87 /* LaunchScreen.xib in Resources */,
				57D4332C1B0A892500DDDC87 /* Images.xcassets in Resources */,
			);
			runOnlyForDeploymentPostprocessing = 0;
		};
		57D433321B0A892500DDDC87 /* Resources */ = {
			isa = PBXResourcesBuildPhase;
			buildActionMask = 2147483647;
			files = (
			);
			runOnlyForDeploymentPostprocessing = 0;
		};
/* End PBXResourcesBuildPhase section */

/* Begin PBXSourcesBuildPhase section */
		57D4331B1B0A892500DDDC87 /* Sources */ = {
			isa = PBXSourcesBuildPhase;
			buildActionMask = 2147483647;
			files = (
				57D433271B0A892500DDDC87 /* ViewController.swift in Sources */,
				57D433251B0A892500DDDC87 /* AppDelegate.swift in Sources */,
			);
			runOnlyForDeploymentPostprocessing = 0;
		};
		57D433301B0A892500DDDC87 /* Sources */ = {
			isa = PBXSourcesBuildPhase;
			buildActionMask = 2147483647;
			files = (
				57D4333B1B0A892500DDDC87 /* InteractiveMapTests.swift in Sources */,
			);
			runOnlyForDeploymentPostprocessing = 0;
		};
/* End PBXSourcesBuildPhase section */

/* Begin PBXTargetDependency section */
		57D433361B0A892500DDDC87 /* PBXTargetDependency */ = {
			isa = PBXTargetDependency;
			target = 57D4331E1B0A892500DDDC87 /* InteractiveMap */;
			targetProxy = 57D433351B0A892500DDDC87 /* PBXContainerItemProxy */;
		};
/* End PBXTargetDependency section */

/* Begin PBXVariantGroup section */
		57D433281B0A892500DDDC87 /* Main.storyboard */ = {
			isa = PBXVariantGroup;
			children = (
				57D433291B0A892500DDDC87 /* Base */,
			);
			name = Main.storyboard;
			sourceTree = "<group>";
		};
		57D4332D1B0A892500DDDC87 /* LaunchScreen.xib */ = {
			isa = PBXVariantGroup;
			children = (
				57D4332E1B0A892500DDDC87 /* Base */,
			);
			name = LaunchScreen.xib;
			sourceTree = "<group>";
		};
/* End PBXVariantGroup section */

/* Begin XCBuildConfiguration section */
		57D4333C1B0A892500DDDC87 /* Debug */ = {
			isa = XCBuildConfiguration;
			buildSettings = {
				ALWAYS_SEARCH_USER_PATHS = NO;
				CLANG_CXX_LANGUAGE_STANDARD = "gnu++0x";
				CLANG_CXX_LIBRARY = "libc++";
				CLANG_ENABLE_MODULES = YES;
				CLANG_ENABLE_OBJC_ARC = YES;
				CLANG_WARN_BOOL_CONVERSION = YES;
				CLANG_WARN_CONSTANT_CONVERSION = YES;
				CLANG_WARN_DIRECT_OBJC_ISA_USAGE = YES_ERROR;
				CLANG_WARN_EMPTY_BODY = YES;
				CLANG_WARN_ENUM_CONVERSION = YES;
				CLANG_WARN_INT_CONVERSION = YES;
				CLANG_WARN_OBJC_ROOT_CLASS = YES_ERROR;
				CLANG_WARN_UNREACHABLE_CODE = YES;
				CLANG_WARN__DUPLICATE_METHOD_MATCH = YES;
				"CODE_SIGN_IDENTITY[sdk=iphoneos*]" = "iPhone Developer";
				COPY_PHASE_STRIP = NO;
				DEBUG_INFORMATION_FORMAT = "dwarf-with-dsym";
				ENABLE_STRICT_OBJC_MSGSEND = YES;
				GCC_C_LANGUAGE_STANDARD = gnu99;
				GCC_DYNAMIC_NO_PIC = NO;
				GCC_NO_COMMON_BLOCKS = YES;
				GCC_OPTIMIZATION_LEVEL = 0;
				GCC_PREPROCESSOR_DEFINITIONS = (
					"DEBUG=1",
					"$(inherited)",
				);
				GCC_SYMBOLS_PRIVATE_EXTERN = NO;
				GCC_WARN_64_TO_32_BIT_CONVERSION = YES;
				GCC_WARN_ABOUT_RETURN_TYPE = YES_ERROR;
				GCC_WARN_UNDECLARED_SELECTOR = YES;
				GCC_WARN_UNINITIALIZED_AUTOS = YES_AGGRESSIVE;
				GCC_WARN_UNUSED_FUNCTION = YES;
				GCC_WARN_UNUSED_VARIABLE = YES;
				IPHONEOS_DEPLOYMENT_TARGET = 8.3;
				MTL_ENABLE_DEBUG_INFO = YES;
				ONLY_ACTIVE_ARCH = YES;
				SDKROOT = iphoneos;
				SWIFT_OPTIMIZATION_LEVEL = "-Onone";
			};
			name = Debug;
		};
		57D4333D1B0A892500DDDC87 /* Release */ = {
			isa = XCBuildConfiguration;
			buildSettings = {
				ALWAYS_SEARCH_USER_PATHS = NO;
				CLANG_CXX_LANGUAGE_STANDARD = "gnu++0x";
				CLANG_CXX_LIBRARY = "libc++";
				CLANG_ENABLE_MODULES = YES;
				CLANG_ENABLE_OBJC_ARC = YES;
				CLANG_WARN_BOOL_CONVERSION = YES;
				CLANG_WARN_CONSTANT_CONVERSION = YES;
				CLANG_WARN_DIRECT_OBJC_ISA_USAGE = YES_ERROR;
				CLANG_WARN_EMPTY_BODY = YES;
				CLANG_WARN_ENUM_CONVERSION = YES;
				CLANG_WARN_INT_CONVERSION = YES;
				CLANG_WARN_OBJC_ROOT_CLASS = YES_ERROR;
				CLANG_WARN_UNREACHABLE_CODE = YES;
				CLANG_WARN__DUPLICATE_METHOD_MATCH = YES;
				"CODE_SIGN_IDENTITY[sdk=iphoneos*]" = "iPhone Developer";
				COPY_PHASE_STRIP = NO;
				DEBUG_INFORMATION_FORMAT = "dwarf-with-dsym";
				ENABLE_NS_ASSERTIONS = NO;
				ENABLE_STRICT_OBJC_MSGSEND = YES;
				GCC_C_LANGUAGE_STANDARD = gnu99;
				GCC_NO_COMMON_BLOCKS = YES;
				GCC_WARN_64_TO_32_BIT_CONVERSION = YES;
				GCC_WARN_ABOUT_RETURN_TYPE = YES_ERROR;
				GCC_WARN_UNDECLARED_SELECTOR = YES;
				GCC_WARN_UNINITIALIZED_AUTOS = YES_AGGRESSIVE;
				GCC_WARN_UNUSED_FUNCTION = YES;
				GCC_WARN_UNUSED_VARIABLE = YES;
				IPHONEOS_DEPLOYMENT_TARGET = 8.3;
				MTL_ENABLE_DEBUG_INFO = NO;
				SDKROOT = iphoneos;
				VALIDATE_PRODUCT = YES;
			};
			name = Release;
		};
		57D4333F1B0A892500DDDC87 /* Debug */ = {
			isa = XCBuildConfiguration;
			buildSettings = {
				ASSETCATALOG_COMPILER_APPICON_NAME = AppIcon;
				INFOPLIST_FILE = InteractiveMap/Info.plist;
				LD_RUNPATH_SEARCH_PATHS = "$(inherited) @executable_path/Frameworks";
				PRODUCT_NAME = "$(TARGET_NAME)";
			};
			name = Debug;
		};
		57D433401B0A892500DDDC87 /* Release */ = {
			isa = XCBuildConfiguration;
			buildSettings = {
				ASSETCATALOG_COMPILER_APPICON_NAME = AppIcon;
				INFOPLIST_FILE = InteractiveMap/Info.plist;
				LD_RUNPATH_SEARCH_PATHS = "$(inherited) @executable_path/Frameworks";
				PRODUCT_NAME = "$(TARGET_NAME)";
			};
			name = Release;
		};
		57D433421B0A892500DDDC87 /* Debug */ = {
			isa = XCBuildConfiguration;
			buildSettings = {
				BUNDLE_LOADER = "$(TEST_HOST)";
				FRAMEWORK_SEARCH_PATHS = (
					"$(SDKROOT)/Developer/Library/Frameworks",
					"$(inherited)",
				);
				GCC_PREPROCESSOR_DEFINITIONS = (
					"DEBUG=1",
					"$(inherited)",
				);
				INFOPLIST_FILE = InteractiveMapTests/Info.plist;
				LD_RUNPATH_SEARCH_PATHS = "$(inherited) @executable_path/Frameworks @loader_path/Frameworks";
				PRODUCT_NAME = "$(TARGET_NAME)";
				TEST_HOST = "$(BUILT_PRODUCTS_DIR)/InteractiveMap.app/InteractiveMap";
			};
			name = Debug;
		};
		57D433431B0A892500DDDC87 /* Release */ = {
			isa = XCBuildConfiguration;
			buildSettings = {
				BUNDLE_LOADER = "$(TEST_HOST)";
				FRAMEWORK_SEARCH_PATHS = (
					"$(SDKROOT)/Developer/Library/Frameworks",
					"$(inherited)",
				);
				INFOPLIST_FILE = InteractiveMapTests/Info.plist;
				LD_RUNPATH_SEARCH_PATHS = "$(inherited) @executable_path/Frameworks @loader_path/Frameworks";
				PRODUCT_NAME = "$(TARGET_NAME)";
				TEST_HOST = "$(BUILT_PRODUCTS_DIR)/InteractiveMap.app/InteractiveMap";
			};
			name = Release;
		};
/* End XCBuildConfiguration section */

/* Begin XCConfigurationList section */
		57D4331A1B0A892500DDDC87 /* Build configuration list for PBXProject "InteractiveMap" */ = {
			isa = XCConfigurationList;
			buildConfigurations = (
				57D4333C1B0A892500DDDC87 /* Debug */,
				57D4333D1B0A892500DDDC87 /* Release */,
			);
			defaultConfigurationIsVisible = 0;
			defaultConfigurationName = Release;
		};
		57D4333E1B0A892500DDDC87 /* Build configuration list for PBXNativeTarget "InteractiveMap" */ = {
			isa = XCConfigurationList;
			buildConfigurations = (
				57D4333F1B0A892500DDDC87 /* Debug */,
				57D433401B0A892500DDDC87 /* Release */,
			);
			defaultConfigurationIsVisible = 0;
		};
		57D433411B0A892500DDDC87 /* Build configuration list for PBXNativeTarget "InteractiveMapTests" */ = {
			isa = XCConfigurationList;
			buildConfigurations = (
				57D433421B0A892500DDDC87 /* Debug */,
				57D433431B0A892500DDDC87 /* Release */,
			);
			defaultConfigurationIsVisible = 0;
		};
/* End XCConfigurationList section */
	};
	rootObject = 57D433171B0A892500DDDC87 /* Project object */;
}
